<?xml version="1.0" encoding="utf-8"?>
<Project ToolsVersion="4.0" xmlns="http://schemas.microsoft.com/developer/msbuild/2003">
  <ItemGroup>
    <Filter Include="Source Files">
      <UniqueIdentifier>{4FC737F1-C7A5-4376-A066-2A32D752A2FF}</UniqueIdentifier>
      <Extensions>cpp;c;cc;cxx;def;odl;idl;hpj;bat;asm;asmx</Extensions>
    </Filter>
    <Filter Include="Header Files">
      <UniqueIdentifier>{93995380-89BD-4b04-88EB-625FBE52EBFB}</UniqueIdentifier>
      <Extensions>h;hpp;hxx;hm;inl;inc;xsd</Extensions>
    </Filter>
    <Filter Include="Resource Files">
      <UniqueIdentifier>{67DA6AB6-F800-4c08-8B7A-83BB121AAD01}</UniqueIdentifier>
      <Extensions>rc;ico;cur;bmp;dlg;rc2;rct;bin;rgs;gif;jpg;jpeg;jpe;resx;tiff;tif;png;wav;mfcribbon-ms</Extensions>
    </Filter>
  </ItemGroup>
  <ItemGroup>
    <ClCompile Include="YAGame.cpp">
      <Filter>Source Files</Filter>
    </ClCompile>
    <ClCompile Include="YAButtonEventHandler.cpp">
      <Filter>Source Files</Filter>
    </ClCompile>
    <ClCompile Include="YADataLoader.cpp">
      <Filter>Source Files</Filter>
    </ClCompile>
    <ClCompile Include="YAKeyEventHandler.cpp">
      <Filter>Source Files</Filter>
    </ClCompile>
    <ClCompile Include="YATextGenerator.cpp">
      <Filter>Source Files</Filter>
    </ClCompile>
    <ClCompile Include="EnemyBot.cpp">
      <Filter>Source Files</Filter>
    </ClCompile>
    <ClCompile Include="Player.cpp">
      <Filter>Source Files</Filter>
    </ClCompile>
    <ClCompile Include="Creature.cpp">
      <Filter>Source Files</Filter>
    </ClCompile>
    <ClCompile Include="YASpriteManager.cpp">
      <Filter>Source Files</Filter>
    </ClCompile>
    <ClCompile Include="FightPhysics.cpp">
      <Filter>Source Files</Filter>
    </ClCompile>
    <ClCompile Include="PlayerGUI.cpp">
      <Filter>Source Files</Filter>
    </ClCompile>
    <ClCompile Include="PenetrableProjectile.cpp">
      <Filter>Source Files</Filter>
    </ClCompile>
    <ClCompile Include="FightGameObjective.cpp">
      <Filter>Source Files</Filter>
    </ClCompile>
  </ItemGroup>
  <ItemGroup>
    <ClInclude Include="YAGame.h">
      <Filter>Header Files</Filter>
    </ClInclude>
    <ClInclude Include="YAButtonEventHandler.h">
      <Filter>Header Files</Filter>
    </ClInclude>
    <ClInclude Include="YADataLoader.h">
      <Filter>Header Files</Filter>
    </ClInclude>
    <ClInclude Include="YAKeyEventHandler.h">
      <Filter>Header Files</Filter>
    </ClInclude>
    <ClInclude Include="YATextGenerator.h">
      <Filter>Header Files</Filter>
    </ClInclude>
    <ClInclude Include="resource.h">
      <Filter>Header Files</Filter>
    </ClInclude>
    <ClInclude Include="EnemyBot.h">
      <Filter>Header Files</Filter>
    </ClInclude>
    <ClInclude Include="..\..\SimpleSideScrollerFramework\BotVelocity.h">
      <Filter>Header Files</Filter>
    </ClInclude>
    <ClInclude Include="BotState.h">
      <Filter>Header Files</Filter>
    </ClInclude>
    <ClInclude Include="PlayerComboState.h">
      <Filter>Header Files</Filter>
    </ClInclude>
    <ClInclude Include="Player.h">
      <Filter>Header Files</Filter>
    </ClInclude>
    <ClInclude Include="Creature.h">
      <Filter>Header Files</Filter>
    </ClInclude>
    <ClInclude Include="YASpriteManager.h">
      <Filter>Header Files</Filter>
    </ClInclude>
    <ClInclude Include="FightPhysics.h">
      <Filter>Header Files</Filter>
    </ClInclude>
    <ClInclude Include="PlayerGUI.h">
      <Filter>Header Files</Filter>
    </ClInclude>
    <ClInclude Include="ImageShower.h">
      <Filter>Header Files</Filter>
    </ClInclude>
    <ClInclude Include="PenetrableProjectile.h">
      <Filter>Header Files</Filter>
    </ClInclude>
    <ClInclude Include="FightGameObjective.h">
      <Filter>Header Files</Filter>
    </ClInclude>
  </ItemGroup>
  <ItemGroup>
    <ResourceCompile Include="YurisAdventure.rc">
      <Filter>Resource Files</Filter>
    </ResourceCompile>
  </ItemGroup>
  <ItemGroup>
    <None Include="icon1.ico">
      <Filter>Resource Files</Filter>
    </None>
    <None Include="icon2.ico">
      <Filter>Resource Files</Filter>
    </None>
    <None Include="..\..\..\..\..\Desktop\GameImages\icon.ico">
      <Filter>Resource Files</Filter>
    </None>
    <None Include="..\..\..\..\..\desktop\gameimages\icon2.ico">
      <Filter>Resource Files</Filter>
    </None>
  </ItemGroup>
</Project>